{
  "name": "open-skills-runtime",
  "lockfileVersion": 3,
  "requires": true,
  "packages": {
    "": {
      "dependencies": {
        "bpmn-engine": "^25.0.1",
        "openai": "^6.25.0"
      },
      "devDependencies": {
        "typescript": "^5.2.2"
      }
    },
    "node_modules/@0dep/piso": {
      "version": "3.1.0",
      "resolved": "https://registry.npmjs.org/@0dep/piso/-/piso-3.1.0.tgz",
      "integrity": "sha512-3d28pi4BSOAjVQfrGrHls9RWib7fGq2jsbDb5P1pCE7Dd5lIlRidGK0ZYAR/dGGtmMCQthKQ8dIP6ecuEH1VrQ==",
      "license": "MIT",
      "engines": {
        "node": ">=14"
      }
    },
    "node_modules/bpmn-elements": {
      "version": "17.3.0",
      "resolved": "https://registry.npmjs.org/bpmn-elements/-/bpmn-elements-17.3.0.tgz",
      "integrity": "sha512-pWRfMT6SsIBF4d0h77hOXYCXHoz8fQzoQE5Oc8C7KNr620pIbmaJQjiZjYvWeowSO/2IYIvAJa/+isZDv8JTzg==",
      "license": "MIT",
      "dependencies": {
        "@0dep/piso": "^3.0.1",
        "smqp": "^11.0.1"
      }
    },
    "node_modules/bpmn-engine": {
      "version": "25.0.1",
      "resolved": "https://registry.npmjs.org/bpmn-engine/-/bpmn-engine-25.0.1.tgz",
      "integrity": "sha512-XhNX2MJxhkNyUBzInH70TwOKsqULXPUc3ZKikLBL8r/1eLM3IpO8Mxm5CdE+U2CQIzMLPTsHWQCGvPluPHm4EQ==",
      "license": "MIT",
      "dependencies": {
        "bpmn-elements": "^17.2.2",
        "bpmn-moddle": "^9.0.4",
        "debug": "^4.4.3",
        "moddle-context-serializer": "^4.4.1"
      },
      "engines": {
        "node": ">=18"
      },
      "peerDependencies": {
        "smqp": ">=9"
      }
    },
    "node_modules/bpmn-moddle": {
      "version": "9.0.4",
      "resolved": "https://registry.npmjs.org/bpmn-moddle/-/bpmn-moddle-9.0.4.tgz",
      "integrity": "sha512-dr5s3vtOG8NkVSwa8CC55XBIKKwajomSZRb0RiMOOOF6TpqZBZvtbDjpzWICvdd/plDF6uOtaRfSgblPQLAioQ==",
      "license": "MIT",
      "dependencies": {
        "min-dash": "^4.2.1",
        "moddle": "^7.0.0",
        "moddle-xml": "^11.0.0"
      },
      "engines": {
        "node": ">= 18"
      }
    },
    "node_modules/debug": {
      "version": "4.4.3",
      "resolved": "https://registry.npmjs.org/debug/-/debug-4.4.3.tgz",
      "integrity": "sha512-RGwwWnwQvkVfavKVt22FGLw+xYSdzARwm0ru6DhTVA3umU5hZc28V3kO4stgYryrTlLpuvgI9GiijltAjNbcqA==",
      "license": "MIT",
      "dependencies": {
        "ms": "^2.1.3"
      },
      "engines": {
        "node": ">=6.0"
      },
      "peerDependenciesMeta": {
        "supports-color": {
          "optional": true
        }
      }
    },
    "node_modules/min-dash": {
      "version": "4.2.3",
      "resolved": "https://registry.npmjs.org/min-dash/-/min-dash-4.2.3.tgz",
      "integrity": "sha512-VLMYQI5+FcD9Ad24VcB08uA83B07OhueAlZ88jBK6PyupTvEJwllTMUqMy0wPGYs7pZUEtEEMWdHB63m3LtEcg==",
      "license": "MIT"
    },
    "node_modules/moddle": {
      "version": "7.2.0",
      "resolved": "https://registry.npmjs.org/moddle/-/moddle-7.2.0.tgz",
      "integrity": "sha512-x1+JREThy7JBOBR3g2hbOnOfrlC/YAWXX9RzrSZS5HhqeuBly9H/PCtOBtcQs+Y2sjRAXF+WTNSgHvn8Uq+6Yw==",
      "license": "MIT",
      "dependencies": {
        "min-dash": "^4.2.1"
      }
    },
    "node_modules/moddle-context-serializer": {
      "version": "4.4.1",
      "resolved": "https://registry.npmjs.org/moddle-context-serializer/-/moddle-context-serializer-4.4.1.tgz",
      "integrity": "sha512-ehkEEm3TtxdhefRBBayEW4XgUYCZZQSP3KZJWxhbQ3PRDwgW1JKVBh4oVx1I1NAvyTPIetUDFAC8SI6eUdA5Dg==",
      "license": "MIT",
      "peerDependencies": {
        "bpmn-moddle": ">=6"
      }
    },
    "node_modules/moddle-xml": {
      "version": "11.0.0",
      "resolved": "https://registry.npmjs.org/moddle-xml/-/moddle-xml-11.0.0.tgz",
      "integrity": "sha512-L3Sseepfcq9Uy0iIfqEDTXSoYLva1Y/JGbN/4AMOeQ6cqbu8Ma/SDJIdOFm7smsAa64j2z3SwCGG3FIilQVnUg==",
      "license": "MIT",
      "dependencies": {
        "min-dash": "^4.0.0",
        "saxen": "^10.0.0"
      },
      "engines": {
        "node": ">= 18"
      },
      "peerDependencies": {
        "moddle": ">= 6.2.0"
      }
    },
    "node_modules/ms": {
      "version": "2.1.3",
      "resolved": "https://registry.npmjs.org/ms/-/ms-2.1.3.tgz",
      "integrity": "sha512-6FlzubTLZG3J2a/NVCAleEhjzq5oxgHyaCU9yYXvcLsvoVaHJq/s5xXI6/XXP6tz7R9xAOtHnSO/tXtF3WRTlA==",
      "license": "MIT"
    },
    "node_modules/openai": {
      "version": "6.25.0",
      "resolved": "https://registry.npmjs.org/openai/-/openai-6.25.0.tgz",
      "integrity": "sha512-mEh6VZ2ds2AGGokWARo18aPISI1OhlgdEIC1ewhkZr8pSIT31dec0ecr9Nhxx0JlybyOgoAT1sWeKtwPZzJyww==",
      "license": "Apache-2.0",
      "bin": {
        "openai": "bin/cli"
      },
      "peerDependencies": {
        "ws": "^8.18.0",
        "zod": "^3.25 || ^4.0"
      },
      "peerDependenciesMeta": {
        "ws": {
          "optional": true
        },
        "zod": {
          "optional": true
        }
      }
    },
    "node_modules/saxen": {
      "version": "10.0.0",
      "resolved": "https://registry.npmjs.org/saxen/-/saxen-10.0.0.tgz",
      "integrity": "sha512-RXsmWok/SAWqOG/f5ADEz51DN9WtZEzqih3e08ranldcaXekxjx8NBKjGh/y5hlowjo0JH/LekBu6gtPFD1G6g==",
      "license": "MIT",
      "engines": {
        "node": ">= 18"
      }
    },
    "node_modules/smqp": {
      "version": "11.0.1",
      "resolved": "https://registry.npmjs.org/smqp/-/smqp-11.0.1.tgz",
      "integrity": "sha512-sMm/kimL7vzjY14wzJgFgf7ypPKP6vO4D+ZyLVpKPts3O42Pxysy2AXQMM4JiOS6uFpOHIbuPH1SvDj2mEOHcw==",
      "license": "MIT"
    },
    "node_modules/typescript": {
      "version": "5.9.3",
      "resolved": "https://registry.npmjs.org/typescript/-/typescript-5.9.3.tgz",
      "integrity": "sha512-jl1vZzPDinLr9eUt3J/t7V6FgNEw9QjvBPdysz9KfQDD41fQrC2Y4vKQdiaUpFT4bXlb1RHhLpp8wtm6M5TgSw==",
      "dev": true,
      "license": "Apache-2.0",
      "bin": {
        "tsc": "bin/tsc",
        "tsserver": "bin/tsserver"
      },
      "engines": {
        "node": ">=14.17"
      }
    }
  }
}
